
Microsoft Visual Studio Solution File, Format Version 12.00
# Visual Studio 15
VisualStudioVersion = 15.0.27004.2002
MinimumVisualStudioVersion = 10.0.40219.1
Project("{8BC9CEB8-8B4A-11D0-8D11-00A0C91BC942}") = "과제4-1", "과제4-1\과제4-1.vcxproj", "{F3E70A05-66F5-46BD-96E4-71A35BC3833B}"
EndProject
Project("{8BC9CEB8-8B4A-11D0-8D11-00A0C91BC942}") = "과제4-2", "과제4-2\과제4-2.vcxproj", "{E4CDD58E-58DF-4127-9267-13DB5B402BBE}"
EndProject
Global
	GlobalSection(SolutionConfigurationPlatforms) = preSolution
		Debug|x64 = Debug|x64
		Debug|x86 = Debug|x86
		Release|x64 = Release|x64
		Release|x86 = Release|x86
	EndGlobalSection
	GlobalSection(ProjectConfigurationPlatforms) = postSolution
		{F3E70A05-66F5-46BD-96E4-71A35BC3833B}.Debug|x64.ActiveCfg = Debug|x64
		{F3E70A05-66F5-46BD-96E4-71A35BC3833B}.Debug|x64.Build.0 = Debug|x64
		{F3E70A05-66F5-46BD-96E4-71A35BC3833B}.Debug|x86.ActiveCfg = Debug|Win32
		{F3E70A05-66F5-46BD-96E4-71A35BC3833B}.Debug|x86.Build.0 = Debug|Win32
		{F3E70A05-66F5-46BD-96E4-71A35BC3833B}.Release|x64.ActiveCfg = Release|x64
		{F3E70A05-66F5-46BD-96E4-71A35BC3833B}.Release|x64.Build.0 = Release|x64
		{F3E70A05-66F5-46BD-96E4-71A35BC3833B}.Release|x86.ActiveCfg = Release|Win32
		{F3E70A05-66F5-46BD-96E4-71A35BC3833B}.Release|x86.Build.0 = Release|Win32
		{E4CDD58E-58DF-4127-9267-13DB5B402BBE}.Debug|x64.ActiveCfg = Debug|x64
		{E4CDD58E-58DF-4127-9267-13DB5B402BBE}.Debug|x64.Build.0 = Debug|x64
		{E4CDD58E-58DF-4127-9267-13DB5B402BBE}.Debug|x86.ActiveCfg = Debug|Win32
		{E4CDD58E-58DF-4127-9267-13DB5B402BBE}.Debug|x86.Build.0 = Debug|Win32
		{E4CDD58E-58DF-4127-9267-13DB5B402BBE}.Release|x64.ActiveCfg = Release|x64
		{E4CDD58E-58DF-4127-9267-13DB5B402BBE}.Release|x64.Build.0 = Release|x64
		{E4CDD58E-58DF-4127-9267-13DB5B402BBE}.Release|x86.ActiveCfg = Release|Win32
		{E4CDD58E-58DF-4127-9267-13DB5B402BBE}.Release|x86.Build.0 = Release|Win32
	EndGlobalSection
	GlobalSection(SolutionProperties) = preSolution
		HideSolutionNode = FALSE
	EndGlobalSection
	GlobalSection(ExtensibilityGlobals) = postSolution
		SolutionGuid = {B8376A6F-606C-49E5-AAE4-A0A112D00C73}
	EndGlobalSection
EndGlobal
